
Microsoft Visual Studio Solution File, Format Version 12.00
# Visual Studio 15
VisualStudioVersion = 15.0.28307.136
MinimumVisualStudioVersion = 10.0.40219.1
Project("{FAE04EC0-301F-11D3-BF4B-00C04F79EFBC}") = "Sender.SMS", "Sender.SMS\Sender.SMS.csproj", "{B9689599-3447-45AF-A1A4-1C2593AF71D5}"
EndProject
Project("{FAE04EC0-301F-11D3-BF4B-00C04F79EFBC}") = "Sender.SMS.Application", "Sender.SMS.Application\Sender.SMS.Application.csproj", "{EA74BF2E-FA82-4A1D-90DC-E12BB0B48D96}"
EndProject
Global
	GlobalSection(SolutionConfigurationPlatforms) = preSolution
		Debug|Any CPU = Debug|Any CPU
		Release|Any CPU = Release|Any CPU
	EndGlobalSection
	GlobalSection(ProjectConfigurationPlatforms) = postSolution
		{B9689599-3447-45AF-A1A4-1C2593AF71D5}.Debug|Any CPU.ActiveCfg = Debug|Any CPU
		{B9689599-3447-45AF-A1A4-1C2593AF71D5}.Debug|Any CPU.Build.0 = Debug|Any CPU
		{B9689599-3447-45AF-A1A4-1C2593AF71D5}.Release|Any CPU.ActiveCfg = Release|Any CPU
		{B9689599-3447-45AF-A1A4-1C2593AF71D5}.Release|Any CPU.Build.0 = Release|Any CPU
		{EA74BF2E-FA82-4A1D-90DC-E12BB0B48D96}.Debug|Any CPU.ActiveCfg = Debug|Any CPU
		{EA74BF2E-FA82-4A1D-90DC-E12BB0B48D96}.Debug|Any CPU.Build.0 = Debug|Any CPU
		{EA74BF2E-FA82-4A1D-90DC-E12BB0B48D96}.Release|Any CPU.ActiveCfg = Release|Any CPU
		{EA74BF2E-FA82-4A1D-90DC-E12BB0B48D96}.Release|Any CPU.Build.0 = Release|Any CPU
	EndGlobalSection
	GlobalSection(SolutionProperties) = preSolution
		HideSolutionNode = FALSE
	EndGlobalSection
	GlobalSection(ExtensibilityGlobals) = postSolution
		SolutionGuid = {42D449BA-4C61-43FC-A6AC-A2AB2051B250}
	EndGlobalSection
EndGlobal
